
Microsoft Visual Studio Solution File, Format Version 12.00
# Visual Studio Version 17
VisualStudioVersion = 17.9.34728.123
MinimumVisualStudioVersion = 10.0.40219.1
Project("{FAE04EC0-301F-11D3-BF4B-00C04F79EFBC}") = "Calculator using C#", "Calculator using C#\Calculator using C#.csproj", "{10EC7231-4071-422F-8389-E88FBC982104}"
EndProject
Global
	GlobalSection(SolutionConfigurationPlatforms) = preSolution
		Debug|Any CPU = Debug|Any CPU
		Release|Any CPU = Release|Any CPU
	EndGlobalSection
	GlobalSection(ProjectConfigurationPlatforms) = postSolution
		{10EC7231-4071-422F-8389-E88FBC982104}.Debug|Any CPU.ActiveCfg = Debug|Any CPU
		{10EC7231-4071-422F-8389-E88FBC982104}.Debug|Any CPU.Build.0 = Debug|Any CPU
		{10EC7231-4071-422F-8389-E88FBC982104}.Release|Any CPU.ActiveCfg = Release|Any CPU
		{10EC7231-4071-422F-8389-E88FBC982104}.Release|Any CPU.Build.0 = Release|Any CPU
	EndGlobalSection
	GlobalSection(SolutionProperties) = preSolution
		HideSolutionNode = FALSE
	EndGlobalSection
	GlobalSection(ExtensibilityGlobals) = postSolution
		SolutionGuid = {8C8EFEBC-53E4-4452-94F5-717A073106E9}
	EndGlobalSection
EndGlobal
